
Microsoft Visual Studio Solution File, Format Version 12.00
Project("{FAE04EC0-301F-11D3-BF4B-00C04F79EFBC}") = "CSPdfLibrary", "CSPdfLibrary.csproj", "{79C699F5-7877-423F-B835-F5EFB937A754}"
EndProject
Global
	GlobalSection(SolutionConfigurationPlatforms) = preSolution
		Debug|Any CPU = Debug|Any CPU
		Release|Any CPU = Release|Any CPU
	EndGlobalSection
	GlobalSection(ProjectConfigurationPlatforms) = postSolution
		{79C699F5-7877-423F-B835-F5EFB937A754}.Debug|Any CPU.ActiveCfg = Debug|Any CPU
		{79C699F5-7877-423F-B835-F5EFB937A754}.Debug|Any CPU.Build.0 = Debug|Any CPU
		{79C699F5-7877-423F-B835-F5EFB937A754}.Release|Any CPU.ActiveCfg = Release|Any CPU
		{79C699F5-7877-423F-B835-F5EFB937A754}.Release|Any CPU.Build.0 = Release|Any CPU
	EndGlobalSection
EndGlobal
